
Microsoft Visual Studio Solution File, Format Version 12.00
# Visual Studio Version 17
VisualStudioVersion = 17.9.34728.123
MinimumVisualStudioVersion = 10.0.40219.1
Project("{FAE04EC0-301F-11D3-BF4B-00C04F79EFBC}") = "050124 Exponents Lab", "050124 Exponents Lab\050124 Exponents Lab.csproj", "{33A7B006-86BE-4A17-937A-B418D124BBD7}"
EndProject
Global
	GlobalSection(SolutionConfigurationPlatforms) = preSolution
		Debug|Any CPU = Debug|Any CPU
		Release|Any CPU = Release|Any CPU
	EndGlobalSection
	GlobalSection(ProjectConfigurationPlatforms) = postSolution
		{33A7B006-86BE-4A17-937A-B418D124BBD7}.Debug|Any CPU.ActiveCfg = Debug|Any CPU
		{33A7B006-86BE-4A17-937A-B418D124BBD7}.Debug|Any CPU.Build.0 = Debug|Any CPU
		{33A7B006-86BE-4A17-937A-B418D124BBD7}.Release|Any CPU.ActiveCfg = Release|Any CPU
		{33A7B006-86BE-4A17-937A-B418D124BBD7}.Release|Any CPU.Build.0 = Release|Any CPU
	EndGlobalSection
	GlobalSection(SolutionProperties) = preSolution
		HideSolutionNode = FALSE
	EndGlobalSection
	GlobalSection(ExtensibilityGlobals) = postSolution
		SolutionGuid = {617C6973-0464-4DC0-B9E6-DADB9B6B053C}
	EndGlobalSection
EndGlobal
